<Solution>
  <Project Path="BlogPlatform.API/BlogPlatform.API.csproj" />
  <Project Path="BlogPlatform.Application/BlogPlatform.Application.csproj" />
  <Project Path="BlogPlatform.Domain/BlogPlatform.Domain.csproj" />
  <Project Path="BlogPlatform.Infrastructure/BlogPlatform.Infrastructure.csproj" />
  <Project Path="BlogPlatform.Persistence/BlogPlatform.Persistence.csproj" />
</Solution>
